
Microsoft Visual Studio Solution File, Format Version 12.00
# Visual Studio Version 17
VisualStudioVersion = 17.5.33414.496
MinimumVisualStudioVersion = 10.0.40219.1
Project("{FAE04EC0-301F-11D3-BF4B-00C04F79EFBC}") = "KenanNihat", "KenanNihat.csproj", "{EB4D4A9F-DA07-4FBA-B0A7-652D5EBF8310}"
EndProject
Project("{FAE04EC0-301F-11D3-BF4B-00C04F79EFBC}") = "KenanNIhat.Data", "..\KenanNIhat.Data\KenanNIhat.Data.csproj", "{1B36005E-146C-4724-B990-B2411D712061}"
EndProject
Global
	GlobalSection(SolutionConfigurationPlatforms) = preSolution
		Debug|Any CPU = Debug|Any CPU
		Release|Any CPU = Release|Any CPU
	EndGlobalSection
	GlobalSection(ProjectConfigurationPlatforms) = postSolution
		{EB4D4A9F-DA07-4FBA-B0A7-652D5EBF8310}.Debug|Any CPU.ActiveCfg = Debug|Any CPU
		{EB4D4A9F-DA07-4FBA-B0A7-652D5EBF8310}.Debug|Any CPU.Build.0 = Debug|Any CPU
		{EB4D4A9F-DA07-4FBA-B0A7-652D5EBF8310}.Release|Any CPU.ActiveCfg = Release|Any CPU
		{EB4D4A9F-DA07-4FBA-B0A7-652D5EBF8310}.Release|Any CPU.Build.0 = Release|Any CPU
		{1B36005E-146C-4724-B990-B2411D712061}.Debug|Any CPU.ActiveCfg = Debug|Any CPU
		{1B36005E-146C-4724-B990-B2411D712061}.Debug|Any CPU.Build.0 = Debug|Any CPU
		{1B36005E-146C-4724-B990-B2411D712061}.Release|Any CPU.ActiveCfg = Release|Any CPU
		{1B36005E-146C-4724-B990-B2411D712061}.Release|Any CPU.Build.0 = Release|Any CPU
	EndGlobalSection
	GlobalSection(SolutionProperties) = preSolution
		HideSolutionNode = FALSE
	EndGlobalSection
	GlobalSection(ExtensibilityGlobals) = postSolution
		SolutionGuid = {20A6678A-D347-49AA-96B9-01ADA9816FA5}
	EndGlobalSection
EndGlobal
