
Microsoft Visual Studio Solution File, Format Version 12.00
# Visual Studio Version 17
VisualStudioVersion = 17.5.33414.496
MinimumVisualStudioVersion = 10.0.40219.1
Project("{FAE04EC0-301F-11D3-BF4B-00C04F79EFBC}") = "SDF2", "SDF2.csproj", "{B9E0FD26-D0A7-438F-A389-39D40B26E32C}"
EndProject
Project("{FAE04EC0-301F-11D3-BF4B-00C04F79EFBC}") = "Data", "..\Data\Data.csproj", "{7AE74344-B945-407D-AC81-F241F1D0448C}"
EndProject
Global
	GlobalSection(SolutionConfigurationPlatforms) = preSolution
		Debug|Any CPU = Debug|Any CPU
		Release|Any CPU = Release|Any CPU
	EndGlobalSection
	GlobalSection(ProjectConfigurationPlatforms) = postSolution
		{B9E0FD26-D0A7-438F-A389-39D40B26E32C}.Debug|Any CPU.ActiveCfg = Debug|Any CPU
		{B9E0FD26-D0A7-438F-A389-39D40B26E32C}.Debug|Any CPU.Build.0 = Debug|Any CPU
		{B9E0FD26-D0A7-438F-A389-39D40B26E32C}.Release|Any CPU.ActiveCfg = Release|Any CPU
		{B9E0FD26-D0A7-438F-A389-39D40B26E32C}.Release|Any CPU.Build.0 = Release|Any CPU
		{7AE74344-B945-407D-AC81-F241F1D0448C}.Debug|Any CPU.ActiveCfg = Debug|Any CPU
		{7AE74344-B945-407D-AC81-F241F1D0448C}.Debug|Any CPU.Build.0 = Debug|Any CPU
		{7AE74344-B945-407D-AC81-F241F1D0448C}.Release|Any CPU.ActiveCfg = Release|Any CPU
		{7AE74344-B945-407D-AC81-F241F1D0448C}.Release|Any CPU.Build.0 = Release|Any CPU
	EndGlobalSection
	GlobalSection(SolutionProperties) = preSolution
		HideSolutionNode = FALSE
	EndGlobalSection
	GlobalSection(ExtensibilityGlobals) = postSolution
		SolutionGuid = {B9708340-597F-409D-80DD-4E486D735DA1}
	EndGlobalSection
EndGlobal
