
Microsoft Visual Studio Solution File, Format Version 12.00
# Visual Studio Version 17
VisualStudioVersion = 17.4.33213.308
MinimumVisualStudioVersion = 10.0.40219.1
Project("{FAE04EC0-301F-11D3-BF4B-00C04F79EFBC}") = "Access Config", "Access Config\Access Config.csproj", "{041A1541-DC6E-4B35-8E5B-B2E0FA3326CF}"
EndProject
Global
	GlobalSection(SolutionConfigurationPlatforms) = preSolution
		Debug|Any CPU = Debug|Any CPU
		Release|Any CPU = Release|Any CPU
	EndGlobalSection
	GlobalSection(ProjectConfigurationPlatforms) = postSolution
		{041A1541-DC6E-4B35-8E5B-B2E0FA3326CF}.Debug|Any CPU.ActiveCfg = Debug|Any CPU
		{041A1541-DC6E-4B35-8E5B-B2E0FA3326CF}.Debug|Any CPU.Build.0 = Debug|Any CPU
		{041A1541-DC6E-4B35-8E5B-B2E0FA3326CF}.Release|Any CPU.ActiveCfg = Release|Any CPU
		{041A1541-DC6E-4B35-8E5B-B2E0FA3326CF}.Release|Any CPU.Build.0 = Release|Any CPU
	EndGlobalSection
	GlobalSection(SolutionProperties) = preSolution
		HideSolutionNode = FALSE
	EndGlobalSection
	GlobalSection(ExtensibilityGlobals) = postSolution
		SolutionGuid = {3F15299E-9940-4142-B08B-4CBDAECC5809}
	EndGlobalSection
EndGlobal
