
Microsoft Visual Studio Solution File, Format Version 12.00
# Visual Studio Version 17
VisualStudioVersion = 17.5.33414.496
MinimumVisualStudioVersion = 10.0.40219.1
Project("{FAE04EC0-301F-11D3-BF4B-00C04F79EFBC}") = "WinFormsApp2", "WinFormsApp2.csproj", "{0E726048-E7C5-49E7-88FC-936EACDCF428}"
EndProject
Global
	GlobalSection(SolutionConfigurationPlatforms) = preSolution
		Debug|Any CPU = Debug|Any CPU
		Release|Any CPU = Release|Any CPU
	EndGlobalSection
	GlobalSection(ProjectConfigurationPlatforms) = postSolution
		{0E726048-E7C5-49E7-88FC-936EACDCF428}.Debug|Any CPU.ActiveCfg = Debug|Any CPU
		{0E726048-E7C5-49E7-88FC-936EACDCF428}.Debug|Any CPU.Build.0 = Debug|Any CPU
		{0E726048-E7C5-49E7-88FC-936EACDCF428}.Release|Any CPU.ActiveCfg = Release|Any CPU
		{0E726048-E7C5-49E7-88FC-936EACDCF428}.Release|Any CPU.Build.0 = Release|Any CPU
	EndGlobalSection
	GlobalSection(SolutionProperties) = preSolution
		HideSolutionNode = FALSE
	EndGlobalSection
	GlobalSection(ExtensibilityGlobals) = postSolution
		SolutionGuid = {577918CA-1965-4379-B021-EFD4640BF50B}
	EndGlobalSection
EndGlobal
